
Microsoft Visual Studio Solution File, Format Version 12.00
# Visual Studio Version 17
VisualStudioVersion = 17.10.35013.160
MinimumVisualStudioVersion = 10.0.40219.1
Project("{8BC9CEB8-8B4A-11D0-8D11-00A0C91BC942}") = "ProyectoBanco", "ProyectoBanco\ProyectoBanco.vcxproj", "{10A665AB-8E99-4D0D-87DC-1BA0EEA74A5D}"
EndProject
Global
	GlobalSection(SolutionConfigurationPlatforms) = preSolution
		Debug|x64 = Debug|x64
		Debug|x86 = Debug|x86
		Release|x64 = Release|x64
		Release|x86 = Release|x86
	EndGlobalSection
	GlobalSection(ProjectConfigurationPlatforms) = postSolution
		{10A665AB-8E99-4D0D-87DC-1BA0EEA74A5D}.Debug|x64.ActiveCfg = Debug|x64
		{10A665AB-8E99-4D0D-87DC-1BA0EEA74A5D}.Debug|x64.Build.0 = Debug|x64
		{10A665AB-8E99-4D0D-87DC-1BA0EEA74A5D}.Debug|x86.ActiveCfg = Debug|Win32
		{10A665AB-8E99-4D0D-87DC-1BA0EEA74A5D}.Debug|x86.Build.0 = Debug|Win32
		{10A665AB-8E99-4D0D-87DC-1BA0EEA74A5D}.Release|x64.ActiveCfg = Release|x64
		{10A665AB-8E99-4D0D-87DC-1BA0EEA74A5D}.Release|x64.Build.0 = Release|x64
		{10A665AB-8E99-4D0D-87DC-1BA0EEA74A5D}.Release|x86.ActiveCfg = Release|Win32
		{10A665AB-8E99-4D0D-87DC-1BA0EEA74A5D}.Release|x86.Build.0 = Release|Win32
	EndGlobalSection
	GlobalSection(SolutionProperties) = preSolution
		HideSolutionNode = FALSE
	EndGlobalSection
	GlobalSection(ExtensibilityGlobals) = postSolution
		SolutionGuid = {6F111C3A-D542-4F9A-886F-4F9D44A98500}
	EndGlobalSection
EndGlobal
